{
    "_meta": {
        "hash": {
            "sha256": "d24e83ca8522df80ab6e74bab2eb5f8dca04433368ba76474d1135f46fae0713"
        },
        "pipfile-spec": 6,
        "requires": {
            "python_version": "3.7"
        },
        "sources": [
            {
                "name": "pypi",
                "url": "https://pypi.org/simple",
                "verify_ssl": true
            }
        ]
    },
    "default": {
        "boto3": {
            "hashes": [
                "sha256:2edee79d0e78c08b6d14d4dd91c0e4b3438dd4c90c859f06a397268b1cac17b2",
                "sha256:3cd2078144c10417eb04e4bb263ea8e50a21c4aceafb52db33e3fe71e73b48aa"
            ],
            "index": "pypi",
            "version": "==1.10.0"
        },
        "botocore": {
            "hashes": [
                "sha256:507b8f13583a64ec2c9c112ff6e3dd8b548060adc7e1f57f25fda9fa34c2dfdb",
                "sha256:c4b2ffb0f6ed7169beb260485bf5a42ee72a0a02f49f48b0557ed5e32bcf9e79"
            ],
            "version": "==1.13.0"
        },
        "docutils": {
            "hashes": [
                "sha256:6c4f696463b79f1fb8ba0c594b63840ebd41f059e92b31957c46b74a4599b6d0",
                "sha256:9e4d7ecfc600058e07ba661411a2b7de2fd0fafa17d1a7f7361cd47b1175c827",
                "sha256:a2aeea129088da402665e92e0b25b04b073c04b2dce4ab65caaa38b7ce2e1a99"
            ],
            "version": "==0.15.2"
        },
        "faker": {
            "hashes": [
                "sha256:5902379d8df308a204fc11c4f621590ee83975805a6c7b2228203b9defa45250",
                "sha256:5e8c755c619f332d5ec28b7586389665f136bcf528e165eb925e87c06a63eda7"
            ],
            "index": "pypi",
            "version": "==2.0.3"
        },
        "jmespath": {
            "hashes": [
                "sha256:3720a4b1bd659dd2eecad0666459b9788813e032b83e7ba58578e48254e0a0e6",
                "sha256:bde2aef6f44302dfb30320115b17d030798de8c4110e28d5cf6cf91a7a31074c"
            ],
            "version": "==0.9.4"
        },
        "python-dateutil": {
            "hashes": [
                "sha256:7e6584c74aeed623791615e26efd690f29817a27c73085b78e4bad02493df2fb",
                "sha256:c89805f6f4d64db21ed966fda138f8a5ed7a4fdbc1a8ee329ce1b74e3c74da9e"
            ],
            "markers": "python_version >= '2.7'",
            "version": "==2.8.0"
        },
        "s3transfer": {
            "hashes": [
                "sha256:6efc926738a3cd576c2a79725fed9afde92378aa5c6a957e3af010cb019fac9d",
                "sha256:b780f2411b824cb541dbcd2c713d0cb61c7d1bcadae204cdddda2b35cef493ba"
            ],
            "version": "==0.2.1"
        },
        "six": {
            "hashes": [
                "sha256:3350809f0555b11f552448330d0b52d5f24c91a322ea4a15ef22629740f3761c",
                "sha256:d16a0141ec1a18405cd4ce8b4613101da75da0e9a7aec5bdd4fa804d0e0eba73"
            ],
            "version": "==1.12.0"
        },
        "text-unidecode": {
            "hashes": [
                "sha256:1311f10e8b895935241623731c2ba64f4c455287888b18189350b67134a822e8",
                "sha256:bad6603bb14d279193107714b288be206cac565dfa49aa5b105294dd5c4aab93"
            ],
            "version": "==1.3"
        },
        "urllib3": {
            "hashes": [
                "sha256:3de946ffbed6e6746608990594d08faac602528ac7015ac28d33cee6a45b7398",
                "sha256:9a107b99a5393caf59c7aa3c1249c16e6879447533d0887f4336dde834c7be86"
            ],
            "markers": "python_version >= '3.4'",
            "version": "==1.25.6"
        }
    },
    "develop": {}
}
