{
    "_meta": {
        "hash": {
            "sha256": "e4731c4d46910b1522ce99df0ed36b915dbb684ad9dc1cb9fe87e0b55b849287"
        },
        "pipfile-spec": 6,
        "requires": {
            "python_version": "3.7"
        },
        "sources": [
            {
                "name": "pypi",
                "url": "https://pypi.org/simple",
                "verify_ssl": true
            }
        ]
    },
    "default": {
        "amazon-dax-client": {
            "hashes": [
                "sha256:08fe58878fe1e8e8e7657e56065884bd9ecd500f3d89f3d1cfdee4d0937991ba"
            ],
            "index": "pypi",
            "version": "==1.1.2"
        },
        "antlr4-python3-runtime": {
            "hashes": [
                "sha256:df12103a041553807e510f315542d36f48e43bdb9c444c5195ae4247cde799c7"
            ],
            "markers": "python_version >= '3.0'",
            "version": "==4.7"
        },
        "boto3": {
            "hashes": [
                "sha256:839285fbd6f3ab16170af449ae9e33d0eccf97ca22de17d9ff68b8da2310ea06",
                "sha256:d93f1774c4bc66e02acdda2067291acb9e228a035435753cb75f83ad2904cbe3"
            ],
            "index": "pypi",
            "version": "==1.9.253"
        },
        "botocore": {
            "hashes": [
                "sha256:3baf129118575602ada9926f5166d82d02273c250d0feb313fc270944b27c48b",
                "sha256:dc080aed4f9b220a9e916ca29ca97a9d37e8e1d296fe89cbaeef929bf0c8066b"
            ],
            "version": "==1.12.253"
        },
        "docutils": {
            "hashes": [
                "sha256:6c4f696463b79f1fb8ba0c594b63840ebd41f059e92b31957c46b74a4599b6d0",
                "sha256:9e4d7ecfc600058e07ba661411a2b7de2fd0fafa17d1a7f7361cd47b1175c827",
                "sha256:a2aeea129088da402665e92e0b25b04b073c04b2dce4ab65caaa38b7ce2e1a99"
            ],
            "version": "==0.15.2"
        },
        "jmespath": {
            "hashes": [
                "sha256:3720a4b1bd659dd2eecad0666459b9788813e032b83e7ba58578e48254e0a0e6",
                "sha256:bde2aef6f44302dfb30320115b17d030798de8c4110e28d5cf6cf91a7a31074c"
            ],
            "version": "==0.9.4"
        },
        "python-dateutil": {
            "hashes": [
                "sha256:7e6584c74aeed623791615e26efd690f29817a27c73085b78e4bad02493df2fb",
                "sha256:c89805f6f4d64db21ed966fda138f8a5ed7a4fdbc1a8ee329ce1b74e3c74da9e"
            ],
            "markers": "python_version >= '2.7'",
            "version": "==2.8.0"
        },
        "s3transfer": {
            "hashes": [
                "sha256:6efc926738a3cd576c2a79725fed9afde92378aa5c6a957e3af010cb019fac9d",
                "sha256:b780f2411b824cb541dbcd2c713d0cb61c7d1bcadae204cdddda2b35cef493ba"
            ],
            "version": "==0.2.1"
        },
        "six": {
            "hashes": [
                "sha256:3350809f0555b11f552448330d0b52d5f24c91a322ea4a15ef22629740f3761c",
                "sha256:d16a0141ec1a18405cd4ce8b4613101da75da0e9a7aec5bdd4fa804d0e0eba73"
            ],
            "version": "==1.12.0"
        },
        "urllib3": {
            "hashes": [
                "sha256:3de946ffbed6e6746608990594d08faac602528ac7015ac28d33cee6a45b7398",
                "sha256:9a107b99a5393caf59c7aa3c1249c16e6879447533d0887f4336dde834c7be86"
            ],
            "markers": "python_version >= '3.4'",
            "version": "==1.25.6"
        }
    },
    "develop": {}
}
